// !$*UTF8*$!
{
	archiveVersion = 1;
	classes = {
	};
	objectVersion = 46;
	objects = {

/* Begin PBXBuildFile section */
		0C196F0A1F3D4C2A007DD8CA /* main.m in Sources */ = {isa = PBXBuildFile; fileRef = 0C196F091F3D4C2A007DD8CA /* main.m */; };
		0C196F0D1F3D4C2A007DD8CA /* AppDelegate.m in Sources */ = {isa = PBXBuildFile; fileRef = 0C196F0C1F3D4C2A007DD8CA /* AppDelegate.m */; };
		0C196F101F3D4C2A007DD8CA /* LoginViewController.m in Sources */ = {isa = PBXBuildFile; fileRef = 0C196F0F1F3D4C2A007DD8CA /* LoginViewController.m */; };
		0C196F131F3D4C2A007DD8CA /* Main.storyboard in Resources */ = {isa = PBXBuildFile; fileRef = 0C196F111F3D4C2A007DD8CA /* Main.storyboard */; };
		0C196F151F3D4C2A007DD8CA /* Assets.xcassets in Resources */ = {isa = PBXBuildFile; fileRef = 0C196F141F3D4C2A007DD8CA /* Assets.xcassets */; };
		0C196F181F3D4C2A007DD8CA /* LaunchScreen.storyboard in Resources */ = {isa = PBXBuildFile; fileRef = 0C196F161F3D4C2A007DD8CA /* LaunchScreen.storyboard */; };
		0C196F421F3D5640007DD8CA /* User.m in Sources */ = {isa = PBXBuildFile; fileRef = 0C196F411F3D5640007DD8CA /* User.m */; };
		0C49D9FB1F3D7CD100DA0BCA /* UserViewModel.m in Sources */ = {isa = PBXBuildFile; fileRef = 0C49D9FA1F3D7CD100DA0BCA /* UserViewModel.m */; };
		0C49D9FE1F3DAFDA00DA0BCA /* IndexViewController.m in Sources */ = {isa = PBXBuildFile; fileRef = 0C49D9FD1F3DAFDA00DA0BCA /* IndexViewController.m */; };
		0C5352C61F42950E0053B8E0 /* index.storyboard in Resources */ = {isa = PBXBuildFile; fileRef = 0C5352C41F42950E0053B8E0 /* index.storyboard */; };
		5D72150B1F44114E002C6412 /* ReactiveCocoaMvvmTestTests.m in Sources */ = {isa = PBXBuildFile; fileRef = 5D72150A1F44114E002C6412 /* ReactiveCocoaMvvmTestTests.m */; };
		5D7215151F441FEA002C6412 /* XCTest.framework in Frameworks */ = {isa = PBXBuildFile; fileRef = 5D7215141F441FE9002C6412 /* XCTest.framework */; };
		5D72151B1F442047002C6412 /* UIKit.framework in Frameworks */ = {isa = PBXBuildFile; fileRef = 5D72151A1F442047002C6412 /* UIKit.framework */; };
		5D72151D1F44204D002C6412 /* Foundation.framework in Frameworks */ = {isa = PBXBuildFile; fileRef = 5D72151C1F44204D002C6412 /* Foundation.framework */; };
		5D7215811F46D8DA002C6412 /* WHTAFNetWorkingHelpers.m in Sources */ = {isa = PBXBuildFile; fileRef = 5D72157E1F46D8DA002C6412 /* WHTAFNetWorkingHelpers.m */; };
		5D7215821F46D8DA002C6412 /* WHTRequest.m in Sources */ = {isa = PBXBuildFile; fileRef = 5D7215801F46D8DA002C6412 /* WHTRequest.m */; };
		FAA5DCE502E3B700EE9F7883 /* Pods_ReactiveCocoaMvvmTest.framework in Frameworks */ = {isa = PBXBuildFile; fileRef = 6C524C585AA62B9CE7D644C8 /* Pods_ReactiveCocoaMvvmTest.framework */; };
/* End PBXBuildFile section */

/* Begin PBXContainerItemProxy section */
		5D72150D1F44114E002C6412 /* PBXContainerItemProxy */ = {
			isa = PBXContainerItemProxy;
			containerPortal = 0C196EFD1F3D4C2A007DD8CA /* Project object */;
			proxyType = 1;
			remoteGlobalIDString = 0C196F041F3D4C2A007DD8CA;
			remoteInfo = ReactiveCocoaMvvmTest;
		};
/* End PBXContainerItemProxy section */

/* Begin PBXFileReference section */
		0C196F051F3D4C2A007DD8CA /* ReactiveCocoaMvvmTest.app */ = {isa = PBXFileReference; explicitFileType = wrapper.application; includeInIndex = 0; path = ReactiveCocoaMvvmTest.app; sourceTree = BUILT_PRODUCTS_DIR; };
		0C196F091F3D4C2A007DD8CA /* main.m */ = {isa = PBXFileReference; lastKnownFileType = sourcecode.c.objc; path = main.m; sourceTree = "<group>"; };
		0C196F0B1F3D4C2A007DD8CA /* AppDelegate.h */ = {isa = PBXFileReference; lastKnownFileType = sourcecode.c.h; path = AppDelegate.h; sourceTree = "<group>"; };
		0C196F0C1F3D4C2A007DD8CA /* AppDelegate.m */ = {isa = PBXFileReference; lastKnownFileType = sourcecode.c.objc; path = AppDelegate.m; sourceTree = "<group>"; };
		0C196F0E1F3D4C2A007DD8CA /* LoginViewController.h */ = {isa = PBXFileReference; lastKnownFileType = sourcecode.c.h; path = LoginViewController.h; sourceTree = "<group>"; };
		0C196F0F1F3D4C2A007DD8CA /* LoginViewController.m */ = {isa = PBXFileReference; lastKnownFileType = sourcecode.c.objc; path = LoginViewController.m; sourceTree = "<group>"; };
		0C196F121F3D4C2A007DD8CA /* Base */ = {isa = PBXFileReference; lastKnownFileType = file.storyboard; name = Base; path = Base.lproj/Main.storyboard; sourceTree = "<group>"; };
		0C196F141F3D4C2A007DD8CA /* Assets.xcassets */ = {isa = PBXFileReference; lastKnownFileType = folder.assetcatalog; path = Assets.xcassets; sourceTree = "<group>"; };
		0C196F171F3D4C2A007DD8CA /* Base */ = {isa = PBXFileReference; lastKnownFileType = file.storyboard; name = Base; path = Base.lproj/LaunchScreen.storyboard; sourceTree = "<group>"; };
		0C196F191F3D4C2A007DD8CA /* Info.plist */ = {isa = PBXFileReference; lastKnownFileType = text.plist.xml; path = Info.plist; sourceTree = "<group>"; };
		0C196F221F3D4C2A007DD8CA /* ReactiveCocoaMvvmTestTests.m */ = {isa = PBXFileReference; lastKnownFileType = sourcecode.c.objc; path = ReactiveCocoaMvvmTestTests.m; sourceTree = "<group>"; };
		0C196F241F3D4C2A007DD8CA /* Info.plist */ = {isa = PBXFileReference; lastKnownFileType = text.plist.xml; path = Info.plist; sourceTree = "<group>"; };
		0C196F2D1F3D4C2A007DD8CA /* ReactiveCocoaMvvmTestUITests.m */ = {isa = PBXFileReference; lastKnownFileType = sourcecode.c.objc; path = ReactiveCocoaMvvmTestUITests.m; sourceTree = "<group>"; };
		0C196F2F1F3D4C2A007DD8CA /* Info.plist */ = {isa = PBXFileReference; lastKnownFileType = text.plist.xml; path = Info.plist; sourceTree = "<group>"; };
		0C196F3B1F3D4E0A007DD8CA /* PrefixHeader.pch */ = {isa = PBXFileReference; fileEncoding = 4; lastKnownFileType = sourcecode.c.h; path = PrefixHeader.pch; sourceTree = "<group>"; };
		0C196F401F3D5640007DD8CA /* User.h */ = {isa = PBXFileReference; fileEncoding = 4; lastKnownFileType = sourcecode.c.h; path = User.h; sourceTree = "<group>"; };
		0C196F411F3D5640007DD8CA /* User.m */ = {isa = PBXFileReference; fileEncoding = 4; lastKnownFileType = sourcecode.c.objc; path = User.m; sourceTree = "<group>"; };
		0C49D9F91F3D7CD100DA0BCA /* UserViewModel.h */ = {isa = PBXFileReference; fileEncoding = 4; lastKnownFileType = sourcecode.c.h; path = UserViewModel.h; sourceTree = "<group>"; };
		0C49D9FA1F3D7CD100DA0BCA /* UserViewModel.m */ = {isa = PBXFileReference; fileEncoding = 4; lastKnownFileType = sourcecode.c.objc; path = UserViewModel.m; sourceTree = "<group>"; };
		0C49D9FC1F3DAFDA00DA0BCA /* IndexViewController.h */ = {isa = PBXFileReference; fileEncoding = 4; lastKnownFileType = sourcecode.c.h; path = IndexViewController.h; sourceTree = "<group>"; };
		0C49D9FD1F3DAFDA00DA0BCA /* IndexViewController.m */ = {isa = PBXFileReference; fileEncoding = 4; lastKnownFileType = sourcecode.c.objc; path = IndexViewController.m; sourceTree = "<group>"; };
		0C5352C51F42950E0053B8E0 /* Base */ = {isa = PBXFileReference; lastKnownFileType = file.storyboard; name = Base; path = Base.lproj/index.storyboard; sourceTree = "<group>"; };
		372377F1F779262C53F2103B /* Pods-ReactiveCocoaMvvmTest.beta.xcconfig */ = {isa = PBXFileReference; includeInIndex = 1; lastKnownFileType = text.xcconfig; name = "Pods-ReactiveCocoaMvvmTest.beta.xcconfig"; path = "Pods/Target Support Files/Pods-ReactiveCocoaMvvmTest/Pods-ReactiveCocoaMvvmTest.beta.xcconfig"; sourceTree = "<group>"; };
		465E809317C7A2DE55C06A22 /* Pods-ReactiveCocoaMvvmTest.release.xcconfig */ = {isa = PBXFileReference; includeInIndex = 1; lastKnownFileType = text.xcconfig; name = "Pods-ReactiveCocoaMvvmTest.release.xcconfig"; path = "Pods/Target Support Files/Pods-ReactiveCocoaMvvmTest/Pods-ReactiveCocoaMvvmTest.release.xcconfig"; sourceTree = "<group>"; };
		5D7215001F440DEA002C6412 /* libPods-ReactiveCocoaMvvmTest.a */ = {isa = PBXFileReference; lastKnownFileType = archive.ar; name = "libPods-ReactiveCocoaMvvmTest.a"; path = "../../../../Library/Developer/Xcode/DerivedData/ReactiveCocoaMvvmTest-bacgccmztbrplrgrtiaymtakouyz/Build/Products/Debug-iphonesimulator/libPods-ReactiveCocoaMvvmTest.a"; sourceTree = "<group>"; };
		5D7215021F44110C002C6412 /* WHTEncryption.framework */ = {isa = PBXFileReference; lastKnownFileType = wrapper.framework; name = WHTEncryption.framework; path = "Pods/../build/Debug-iphoneos/WHTEncryption/WHTEncryption.framework"; sourceTree = "<group>"; };
		5D7215081F44114E002C6412 /* ReactiveCocoaMvvmTestTests.xctest */ = {isa = PBXFileReference; explicitFileType = wrapper.cfbundle; includeInIndex = 0; path = ReactiveCocoaMvvmTestTests.xctest; sourceTree = BUILT_PRODUCTS_DIR; };
		5D72150A1F44114E002C6412 /* ReactiveCocoaMvvmTestTests.m */ = {isa = PBXFileReference; lastKnownFileType = sourcecode.c.objc; path = ReactiveCocoaMvvmTestTests.m; sourceTree = "<group>"; };
		5D72150C1F44114E002C6412 /* Info.plist */ = {isa = PBXFileReference; lastKnownFileType = text.plist.xml; path = Info.plist; sourceTree = "<group>"; };
		5D7215121F4412D8002C6412 /* Pods_ReactiveCocoaMvvmTest.framework */ = {isa = PBXFileReference; lastKnownFileType = wrapper.framework; name = Pods_ReactiveCocoaMvvmTest.framework; path = "Pods/../build/Debug-iphoneos/Pods_ReactiveCocoaMvvmTest.framework"; sourceTree = "<group>"; };
		5D7215141F441FE9002C6412 /* XCTest.framework */ = {isa = PBXFileReference; lastKnownFileType = wrapper.framework; name = XCTest.framework; path = Platforms/iPhoneOS.platform/Developer/Library/Frameworks/XCTest.framework; sourceTree = DEVELOPER_DIR; };
		5D7215161F441FF6002C6412 /* Pods_ReactiveCocoaMvvmTest.framework */ = {isa = PBXFileReference; lastKnownFileType = wrapper.framework; name = Pods_ReactiveCocoaMvvmTest.framework; path = "Pods/../build/Debug-iphoneos/Pods_ReactiveCocoaMvvmTest.framework"; sourceTree = "<group>"; };
		5D7215181F442007002C6412 /* WHTEncryption.framework */ = {isa = PBXFileReference; lastKnownFileType = wrapper.framework; name = WHTEncryption.framework; path = "Pods/../build/Debug-iphoneos/WHTEncryption/WHTEncryption.framework"; sourceTree = "<group>"; };
		5D72151A1F442047002C6412 /* UIKit.framework */ = {isa = PBXFileReference; lastKnownFileType = wrapper.framework; name = UIKit.framework; path = System/Library/Frameworks/UIKit.framework; sourceTree = SDKROOT; };
		5D72151C1F44204D002C6412 /* Foundation.framework */ = {isa = PBXFileReference; lastKnownFileType = wrapper.framework; name = Foundation.framework; path = System/Library/Frameworks/Foundation.framework; sourceTree = SDKROOT; };
		5D72157D1F46D8DA002C6412 /* WHTAFNetWorkingHelpers.h */ = {isa = PBXFileReference; fileEncoding = 4; lastKnownFileType = sourcecode.c.h; path = WHTAFNetWorkingHelpers.h; sourceTree = "<group>"; };
		5D72157E1F46D8DA002C6412 /* WHTAFNetWorkingHelpers.m */ = {isa = PBXFileReference; fileEncoding = 4; lastKnownFileType = sourcecode.c.objc; path = WHTAFNetWorkingHelpers.m; sourceTree = "<group>"; };
		5D72157F1F46D8DA002C6412 /* WHTRequest.h */ = {isa = PBXFileReference; fileEncoding = 4; lastKnownFileType = sourcecode.c.h; path = WHTRequest.h; sourceTree = "<group>"; };
		5D7215801F46D8DA002C6412 /* WHTRequest.m */ = {isa = PBXFileReference; fileEncoding = 4; lastKnownFileType = sourcecode.c.objc; path = WHTRequest.m; sourceTree = "<group>"; };
		63B6A4FDB7F45762F2642F53 /* Pods-ReactiveCocoaMvvmTest.debug.xcconfig */ = {isa = PBXFileReference; includeInIndex = 1; lastKnownFileType = text.xcconfig; name = "Pods-ReactiveCocoaMvvmTest.debug.xcconfig"; path = "Pods/Target Support Files/Pods-ReactiveCocoaMvvmTest/Pods-ReactiveCocoaMvvmTest.debug.xcconfig"; sourceTree = "<group>"; };
		6C524C585AA62B9CE7D644C8 /* Pods_ReactiveCocoaMvvmTest.framework */ = {isa = PBXFileReference; explicitFileType = wrapper.framework; includeInIndex = 0; path = Pods_ReactiveCocoaMvvmTest.framework; sourceTree = BUILT_PRODUCTS_DIR; };
		CBC17B0B39B312D2CE8E8220 /* Pods-ReactiveCocoaMvvmTest.testdev.xcconfig */ = {isa = PBXFileReference; includeInIndex = 1; lastKnownFileType = text.xcconfig; name = "Pods-ReactiveCocoaMvvmTest.testdev.xcconfig"; path = "Pods/Target Support Files/Pods-ReactiveCocoaMvvmTest/Pods-ReactiveCocoaMvvmTest.testdev.xcconfig"; sourceTree = "<group>"; };
/* End PBXFileReference section */

/* Begin PBXFrameworksBuildPhase section */
		0C196F021F3D4C2A007DD8CA /* Frameworks */ = {
			isa = PBXFrameworksBuildPhase;
			buildActionMask = 2147483647;
			files = (
				FAA5DCE502E3B700EE9F7883 /* Pods_ReactiveCocoaMvvmTest.framework in Frameworks */,
			);
			runOnlyForDeploymentPostprocessing = 0;
		};
		5D7215051F44114E002C6412 /* Frameworks */ = {
			isa = PBXFrameworksBuildPhase;
			buildActionMask = 2147483647;
			files = (
				5D72151D1F44204D002C6412 /* Foundation.framework in Frameworks */,
				5D72151B1F442047002C6412 /* UIKit.framework in Frameworks */,
				5D7215151F441FEA002C6412 /* XCTest.framework in Frameworks */,
			);
			runOnlyForDeploymentPostprocessing = 0;
		};
/* End PBXFrameworksBuildPhase section */

/* Begin PBXGroup section */
		0C196EFC1F3D4C2A007DD8CA = {
			isa = PBXGroup;
			children = (
				0C196F071F3D4C2A007DD8CA /* ReactiveCocoaMvvmTest */,
				0C196F211F3D4C2A007DD8CA /* ReactiveCocoaMvvmTestTests */,
				0C196F2C1F3D4C2A007DD8CA /* ReactiveCocoaMvvmTestUITests */,
				5D7215091F44114E002C6412 /* ReactiveCocoaMvvmTestTests */,
				0C196F061F3D4C2A007DD8CA /* Products */,
				36E76091A1E6F869F928C503 /* Pods */,
				CC1E1AB6E593D54E47790FF8 /* Frameworks */,
			);
			sourceTree = "<group>";
		};
		0C196F061F3D4C2A007DD8CA /* Products */ = {
			isa = PBXGroup;
			children = (
				0C196F051F3D4C2A007DD8CA /* ReactiveCocoaMvvmTest.app */,
				5D7215081F44114E002C6412 /* ReactiveCocoaMvvmTestTests.xctest */,
			);
			name = Products;
			sourceTree = "<group>";
		};
		0C196F071F3D4C2A007DD8CA /* ReactiveCocoaMvvmTest */ = {
			isa = PBXGroup;
			children = (
				5D72157D1F46D8DA002C6412 /* WHTAFNetWorkingHelpers.h */,
				5D72157E1F46D8DA002C6412 /* WHTAFNetWorkingHelpers.m */,
				5D72157F1F46D8DA002C6412 /* WHTRequest.h */,
				5D7215801F46D8DA002C6412 /* WHTRequest.m */,
				0C196F3F1F3D5162007DD8CA /* Controller */,
				0C196F3E1F3D5144007DD8CA /* View */,
				0C196F3D1F3D513F007DD8CA /* Model */,
				0C196F3C1F3D5135007DD8CA /* ViewModel */,
				0C196F0B1F3D4C2A007DD8CA /* AppDelegate.h */,
				0C196F0C1F3D4C2A007DD8CA /* AppDelegate.m */,
				0C196F141F3D4C2A007DD8CA /* Assets.xcassets */,
				0C196F161F3D4C2A007DD8CA /* LaunchScreen.storyboard */,
				0C196F191F3D4C2A007DD8CA /* Info.plist */,
				0C196F081F3D4C2A007DD8CA /* Supporting Files */,
			);
			path = ReactiveCocoaMvvmTest;
			sourceTree = "<group>";
		};
		0C196F081F3D4C2A007DD8CA /* Supporting Files */ = {
			isa = PBXGroup;
			children = (
				0C196F091F3D4C2A007DD8CA /* main.m */,
				0C196F3B1F3D4E0A007DD8CA /* PrefixHeader.pch */,
			);
			name = "Supporting Files";
			sourceTree = "<group>";
		};
		0C196F211F3D4C2A007DD8CA /* ReactiveCocoaMvvmTestTests */ = {
			isa = PBXGroup;
			children = (
				0C196F221F3D4C2A007DD8CA /* ReactiveCocoaMvvmTestTests.m */,
				0C196F241F3D4C2A007DD8CA /* Info.plist */,
			);
			path = ReactiveCocoaMvvmTestTests;
			sourceTree = "<group>";
		};
		0C196F2C1F3D4C2A007DD8CA /* ReactiveCocoaMvvmTestUITests */ = {
			isa = PBXGroup;
			children = (
				0C196F2D1F3D4C2A007DD8CA /* ReactiveCocoaMvvmTestUITests.m */,
				0C196F2F1F3D4C2A007DD8CA /* Info.plist */,
			);
			path = ReactiveCocoaMvvmTestUITests;
			sourceTree = "<group>";
		};
		0C196F3C1F3D5135007DD8CA /* ViewModel */ = {
			isa = PBXGroup;
			children = (
				0C49D9F91F3D7CD100DA0BCA /* UserViewModel.h */,
				0C49D9FA1F3D7CD100DA0BCA /* UserViewModel.m */,
			);
			name = ViewModel;
			sourceTree = "<group>";
		};
		0C196F3D1F3D513F007DD8CA /* Model */ = {
			isa = PBXGroup;
			children = (
				0C196F401F3D5640007DD8CA /* User.h */,
				0C196F411F3D5640007DD8CA /* User.m */,
			);
			name = Model;
			sourceTree = "<group>";
		};
		0C196F3E1F3D5144007DD8CA /* View */ = {
			isa = PBXGroup;
			children = (
				0C196F111F3D4C2A007DD8CA /* Main.storyboard */,
				0C5352C41F42950E0053B8E0 /* index.storyboard */,
			);
			name = View;
			sourceTree = "<group>";
		};
		0C196F3F1F3D5162007DD8CA /* Controller */ = {
			isa = PBXGroup;
			children = (
				0C196F0E1F3D4C2A007DD8CA /* LoginViewController.h */,
				0C196F0F1F3D4C2A007DD8CA /* LoginViewController.m */,
				0C49D9FC1F3DAFDA00DA0BCA /* IndexViewController.h */,
				0C49D9FD1F3DAFDA00DA0BCA /* IndexViewController.m */,
			);
			name = Controller;
			sourceTree = "<group>";
		};
		36E76091A1E6F869F928C503 /* Pods */ = {
			isa = PBXGroup;
			children = (
				465E809317C7A2DE55C06A22 /* Pods-ReactiveCocoaMvvmTest.release.xcconfig */,
				63B6A4FDB7F45762F2642F53 /* Pods-ReactiveCocoaMvvmTest.debug.xcconfig */,
				CBC17B0B39B312D2CE8E8220 /* Pods-ReactiveCocoaMvvmTest.testdev.xcconfig */,
				372377F1F779262C53F2103B /* Pods-ReactiveCocoaMvvmTest.beta.xcconfig */,
			);
			name = Pods;
			sourceTree = "<group>";
		};
		5D7215091F44114E002C6412 /* ReactiveCocoaMvvmTestTests */ = {
			isa = PBXGroup;
			children = (
				5D72150A1F44114E002C6412 /* ReactiveCocoaMvvmTestTests.m */,
				5D72150C1F44114E002C6412 /* Info.plist */,
			);
			path = ReactiveCocoaMvvmTestTests;
			sourceTree = "<group>";
		};
		CC1E1AB6E593D54E47790FF8 /* Frameworks */ = {
			isa = PBXGroup;
			children = (
				5D72151C1F44204D002C6412 /* Foundation.framework */,
				5D72151A1F442047002C6412 /* UIKit.framework */,
				5D7215181F442007002C6412 /* WHTEncryption.framework */,
				5D7215161F441FF6002C6412 /* Pods_ReactiveCocoaMvvmTest.framework */,
				5D7215141F441FE9002C6412 /* XCTest.framework */,
				5D7215121F4412D8002C6412 /* Pods_ReactiveCocoaMvvmTest.framework */,
				5D7215021F44110C002C6412 /* WHTEncryption.framework */,
				5D7215001F440DEA002C6412 /* libPods-ReactiveCocoaMvvmTest.a */,
				6C524C585AA62B9CE7D644C8 /* Pods_ReactiveCocoaMvvmTest.framework */,
			);
			name = Frameworks;
			sourceTree = "<group>";
		};
/* End PBXGroup section */

/* Begin PBXNativeTarget section */
		0C196F041F3D4C2A007DD8CA /* ReactiveCocoaMvvmTest */ = {
			isa = PBXNativeTarget;
			buildConfigurationList = 0C196F321F3D4C2A007DD8CA /* Build configuration list for PBXNativeTarget "ReactiveCocoaMvvmTest" */;
			buildPhases = (
				10AAC174480C1F18FAACAAD2 /* [CP] Check Pods Manifest.lock */,
				0C196F011F3D4C2A007DD8CA /* Sources */,
				0C196F021F3D4C2A007DD8CA /* Frameworks */,
				0C196F031F3D4C2A007DD8CA /* Resources */,
				E36B2F10CFCA6E4097DCE7DE /* [CP] Embed Pods Frameworks */,
				6ADE5285D2CD7E0889AFB750 /* [CP] Copy Pods Resources */,
			);
			buildRules = (
			);
			dependencies = (
			);
			name = ReactiveCocoaMvvmTest;
			productName = ReactiveCocoaMvvmTest;
			productReference = 0C196F051F3D4C2A007DD8CA /* ReactiveCocoaMvvmTest.app */;
			productType = "com.apple.product-type.application";
		};
		5D7215071F44114E002C6412 /* ReactiveCocoaMvvmTestTests */ = {
			isa = PBXNativeTarget;
			buildConfigurationList = 5D72150F1F44114E002C6412 /* Build configuration list for PBXNativeTarget "ReactiveCocoaMvvmTestTests" */;
			buildPhases = (
				5D7215041F44114E002C6412 /* Sources */,
				5D7215051F44114E002C6412 /* Frameworks */,
				5D7215061F44114E002C6412 /* Resources */,
			);
			buildRules = (
			);
			dependencies = (
				5D72150E1F44114E002C6412 /* PBXTargetDependency */,
			);
			name = ReactiveCocoaMvvmTestTests;
			productName = ReactiveCocoaMvvmTestTests;
			productReference = 5D7215081F44114E002C6412 /* ReactiveCocoaMvvmTestTests.xctest */;
			productType = "com.apple.product-type.bundle.unit-test";
		};
/* End PBXNativeTarget section */

/* Begin PBXProject section */
		0C196EFD1F3D4C2A007DD8CA /* Project object */ = {
			isa = PBXProject;
			attributes = {
				LastUpgradeCheck = 0830;
				ORGANIZATIONNAME = ios6;
				TargetAttributes = {
					0C196F041F3D4C2A007DD8CA = {
						CreatedOnToolsVersion = 8.3.3;
						DevelopmentTeam = 8T4Y6CMJQZ;
						ProvisioningStyle = Automatic;
					};
					5D7215071F44114E002C6412 = {
						CreatedOnToolsVersion = 8.3.3;
						ProvisioningStyle = Automatic;
						TestTargetID = 0C196F041F3D4C2A007DD8CA;
					};
				};
			};
			buildConfigurationList = 0C196F001F3D4C2A007DD8CA /* Build configuration list for PBXProject "ReactiveCocoaMvvmTest" */;
			compatibilityVersion = "Xcode 3.2";
			developmentRegion = English;
			hasScannedForEncodings = 0;
			knownRegions = (
				en,
				Base,
			);
			mainGroup = 0C196EFC1F3D4C2A007DD8CA;
			productRefGroup = 0C196F061F3D4C2A007DD8CA /* Products */;
			projectDirPath = "";
			projectRoot = "";
			targets = (
				0C196F041F3D4C2A007DD8CA /* ReactiveCocoaMvvmTest */,
				5D7215071F44114E002C6412 /* ReactiveCocoaMvvmTestTests */,
			);
		};
/* End PBXProject section */

/* Begin PBXResourcesBuildPhase section */
		0C196F031F3D4C2A007DD8CA /* Resources */ = {
			isa = PBXResourcesBuildPhase;
			buildActionMask = 2147483647;
			files = (
				0C196F181F3D4C2A007DD8CA /* LaunchScreen.storyboard in Resources */,
				0C196F151F3D4C2A007DD8CA /* Assets.xcassets in Resources */,
				0C196F131F3D4C2A007DD8CA /* Main.storyboard in Resources */,
				0C5352C61F42950E0053B8E0 /* index.storyboard in Resources */,
			);
			runOnlyForDeploymentPostprocessing = 0;
		};
		5D7215061F44114E002C6412 /* Resources */ = {
			isa = PBXResourcesBuildPhase;
			buildActionMask = 2147483647;
			files = (
			);
			runOnlyForDeploymentPostprocessing = 0;
		};
/* End PBXResourcesBuildPhase section */

/* Begin PBXShellScriptBuildPhase section */
		10AAC174480C1F18FAACAAD2 /* [CP] Check Pods Manifest.lock */ = {
			isa = PBXShellScriptBuildPhase;
			buildActionMask = 2147483647;
			files = (
			);
			inputPaths = (
			);
			name = "[CP] Check Pods Manifest.lock";
			outputPaths = (
			);
			runOnlyForDeploymentPostprocessing = 0;
			shellPath = /bin/sh;
			shellScript = "diff \"${PODS_PODFILE_DIR_PATH}/Podfile.lock\" \"${PODS_ROOT}/Manifest.lock\" > /dev/null\nif [ $? != 0 ] ; then\n    # print error to STDERR\n    echo \"error: The sandbox is not in sync with the Podfile.lock. Run 'pod install' or update your CocoaPods installation.\" >&2\n    exit 1\nfi\n";
			showEnvVarsInLog = 0;
		};
		6ADE5285D2CD7E0889AFB750 /* [CP] Copy Pods Resources */ = {
			isa = PBXShellScriptBuildPhase;
			buildActionMask = 2147483647;
			files = (
			);
			inputPaths = (
			);
			name = "[CP] Copy Pods Resources";
			outputPaths = (
			);
			runOnlyForDeploymentPostprocessing = 0;
			shellPath = /bin/sh;
			shellScript = "\"${SRCROOT}/Pods/Target Support Files/Pods-ReactiveCocoaMvvmTest/Pods-ReactiveCocoaMvvmTest-resources.sh\"\n";
			showEnvVarsInLog = 0;
		};
		E36B2F10CFCA6E4097DCE7DE /* [CP] Embed Pods Frameworks */ = {
			isa = PBXShellScriptBuildPhase;
			buildActionMask = 2147483647;
			files = (
			);
			inputPaths = (
			);
			name = "[CP] Embed Pods Frameworks";
			outputPaths = (
			);
			runOnlyForDeploymentPostprocessing = 0;
			shellPath = /bin/sh;
			shellScript = "\"${SRCROOT}/Pods/Target Support Files/Pods-ReactiveCocoaMvvmTest/Pods-ReactiveCocoaMvvmTest-frameworks.sh\"\n";
			showEnvVarsInLog = 0;
		};
/* End PBXShellScriptBuildPhase section */

/* Begin PBXSourcesBuildPhase section */
		0C196F011F3D4C2A007DD8CA /* Sources */ = {
			isa = PBXSourcesBuildPhase;
			buildActionMask = 2147483647;
			files = (
				0C196F101F3D4C2A007DD8CA /* LoginViewController.m in Sources */,
				0C196F0D1F3D4C2A007DD8CA /* AppDelegate.m in Sources */,
				0C196F421F3D5640007DD8CA /* User.m in Sources */,
				5D7215821F46D8DA002C6412 /* WHTRequest.m in Sources */,
				0C49D9FB1F3D7CD100DA0BCA /* UserViewModel.m in Sources */,
				5D7215811F46D8DA002C6412 /* WHTAFNetWorkingHelpers.m in Sources */,
				0C196F0A1F3D4C2A007DD8CA /* main.m in Sources */,
				0C49D9FE1F3DAFDA00DA0BCA /* IndexViewController.m in Sources */,
			);
			runOnlyForDeploymentPostprocessing = 0;
		};
		5D7215041F44114E002C6412 /* Sources */ = {
			isa = PBXSourcesBuildPhase;
			buildActionMask = 2147483647;
			files = (
				5D72150B1F44114E002C6412 /* ReactiveCocoaMvvmTestTests.m in Sources */,
			);
			runOnlyForDeploymentPostprocessing = 0;
		};
/* End PBXSourcesBuildPhase section */

/* Begin PBXTargetDependency section */
		5D72150E1F44114E002C6412 /* PBXTargetDependency */ = {
			isa = PBXTargetDependency;
			target = 0C196F041F3D4C2A007DD8CA /* ReactiveCocoaMvvmTest */;
			targetProxy = 5D72150D1F44114E002C6412 /* PBXContainerItemProxy */;
		};
/* End PBXTargetDependency section */

/* Begin PBXVariantGroup section */
		0C196F111F3D4C2A007DD8CA /* Main.storyboard */ = {
			isa = PBXVariantGroup;
			children = (
				0C196F121F3D4C2A007DD8CA /* Base */,
			);
			name = Main.storyboard;
			sourceTree = "<group>";
		};
		0C196F161F3D4C2A007DD8CA /* LaunchScreen.storyboard */ = {
			isa = PBXVariantGroup;
			children = (
				0C196F171F3D4C2A007DD8CA /* Base */,
			);
			name = LaunchScreen.storyboard;
			sourceTree = "<group>";
		};
		0C5352C41F42950E0053B8E0 /* index.storyboard */ = {
			isa = PBXVariantGroup;
			children = (
				0C5352C51F42950E0053B8E0 /* Base */,
			);
			name = index.storyboard;
			sourceTree = "<group>";
		};
/* End PBXVariantGroup section */

/* Begin XCBuildConfiguration section */
		0C196F301F3D4C2A007DD8CA /* Debug */ = {
			isa = XCBuildConfiguration;
			buildSettings = {
				ALWAYS_SEARCH_USER_PATHS = NO;
				CLANG_ANALYZER_NONNULL = YES;
				CLANG_ANALYZER_NUMBER_OBJECT_CONVERSION = YES_AGGRESSIVE;
				CLANG_CXX_LANGUAGE_STANDARD = "gnu++0x";
				CLANG_CXX_LIBRARY = "libc++";
				CLANG_ENABLE_MODULES = YES;
				CLANG_ENABLE_OBJC_ARC = YES;
				CLANG_WARN_BOOL_CONVERSION = YES;
				CLANG_WARN_CONSTANT_CONVERSION = YES;
				CLANG_WARN_DIRECT_OBJC_ISA_USAGE = YES_ERROR;
				CLANG_WARN_DOCUMENTATION_COMMENTS = YES;
				CLANG_WARN_EMPTY_BODY = YES;
				CLANG_WARN_ENUM_CONVERSION = YES;
				CLANG_WARN_INFINITE_RECURSION = YES;
				CLANG_WARN_INT_CONVERSION = YES;
				CLANG_WARN_OBJC_ROOT_CLASS = YES_ERROR;
				CLANG_WARN_SUSPICIOUS_MOVE = YES;
				CLANG_WARN_UNREACHABLE_CODE = YES;
				CLANG_WARN__DUPLICATE_METHOD_MATCH = YES;
				"CODE_SIGN_IDENTITY[sdk=iphoneos*]" = "iPhone Developer";
				COPY_PHASE_STRIP = NO;
				DEBUG_INFORMATION_FORMAT = dwarf;
				ENABLE_STRICT_OBJC_MSGSEND = YES;
				ENABLE_TESTABILITY = YES;
				GCC_C_LANGUAGE_STANDARD = gnu99;
				GCC_DYNAMIC_NO_PIC = NO;
				GCC_NO_COMMON_BLOCKS = YES;
				GCC_OPTIMIZATION_LEVEL = 0;
				GCC_PREPROCESSOR_DEFINITIONS = (
					"DEBUG=1",
					"$(inherited)",
				);
				GCC_WARN_64_TO_32_BIT_CONVERSION = YES;
				GCC_WARN_ABOUT_RETURN_TYPE = YES_ERROR;
				GCC_WARN_UNDECLARED_SELECTOR = YES;
				GCC_WARN_UNINITIALIZED_AUTOS = YES_AGGRESSIVE;
				GCC_WARN_UNUSED_FUNCTION = YES;
				GCC_WARN_UNUSED_VARIABLE = YES;
				IPHONEOS_DEPLOYMENT_TARGET = 10.3;
				MTL_ENABLE_DEBUG_INFO = YES;
				ONLY_ACTIVE_ARCH = YES;
				SDKROOT = iphoneos;
			};
			name = Debug;
		};
		0C196F311F3D4C2A007DD8CA /* Release */ = {
			isa = XCBuildConfiguration;
			buildSettings = {
				ALWAYS_SEARCH_USER_PATHS = NO;
				CLANG_ANALYZER_NONNULL = YES;
				CLANG_ANALYZER_NUMBER_OBJECT_CONVERSION = YES_AGGRESSIVE;
				CLANG_CXX_LANGUAGE_STANDARD = "gnu++0x";
				CLANG_CXX_LIBRARY = "libc++";
				CLANG_ENABLE_MODULES = YES;
				CLANG_ENABLE_OBJC_ARC = YES;
				CLANG_WARN_BOOL_CONVERSION = YES;
				CLANG_WARN_CONSTANT_CONVERSION = YES;
				CLANG_WARN_DIRECT_OBJC_ISA_USAGE = YES_ERROR;
				CLANG_WARN_DOCUMENTATION_COMMENTS = YES;
				CLANG_WARN_EMPTY_BODY = YES;
				CLANG_WARN_ENUM_CONVERSION = YES;
				CLANG_WARN_INFINITE_RECURSION = YES;
				CLANG_WARN_INT_CONVERSION = YES;
				CLANG_WARN_OBJC_ROOT_CLASS = YES_ERROR;
				CLANG_WARN_SUSPICIOUS_MOVE = YES;
				CLANG_WARN_UNREACHABLE_CODE = YES;
				CLANG_WARN__DUPLICATE_METHOD_MATCH = YES;
				"CODE_SIGN_IDENTITY[sdk=iphoneos*]" = "iPhone Developer";
				COPY_PHASE_STRIP = NO;
				DEBUG_INFORMATION_FORMAT = "dwarf-with-dsym";
				ENABLE_NS_ASSERTIONS = NO;
				ENABLE_STRICT_OBJC_MSGSEND = YES;
				GCC_C_LANGUAGE_STANDARD = gnu99;
				GCC_NO_COMMON_BLOCKS = YES;
				GCC_WARN_64_TO_32_BIT_CONVERSION = YES;
				GCC_WARN_ABOUT_RETURN_TYPE = YES_ERROR;
				GCC_WARN_UNDECLARED_SELECTOR = YES;
				GCC_WARN_UNINITIALIZED_AUTOS = YES_AGGRESSIVE;
				GCC_WARN_UNUSED_FUNCTION = YES;
				GCC_WARN_UNUSED_VARIABLE = YES;
				IPHONEOS_DEPLOYMENT_TARGET = 10.3;
				MTL_ENABLE_DEBUG_INFO = NO;
				SDKROOT = iphoneos;
				VALIDATE_PRODUCT = YES;
			};
			name = Release;
		};
		0C196F331F3D4C2A007DD8CA /* Debug */ = {
			isa = XCBuildConfiguration;
			baseConfigurationReference = 63B6A4FDB7F45762F2642F53 /* Pods-ReactiveCocoaMvvmTest.debug.xcconfig */;
			buildSettings = {
				ASSETCATALOG_COMPILER_APPICON_NAME = AppIcon;
				DEVELOPMENT_TEAM = 8T4Y6CMJQZ;
				GCC_PRECOMPILE_PREFIX_HEADER = YES;
				GCC_PREFIX_HEADER = ReactiveCocoaMvvmTest/PrefixHeader.pch;
				INFOPLIST_FILE = ReactiveCocoaMvvmTest/Info.plist;
				LD_RUNPATH_SEARCH_PATHS = "$(inherited) @executable_path/Frameworks";
				PRODUCT_BUNDLE_IDENTIFIER = com.dobe.wehomec.ReactiveCocoaMvvmTest;
				PRODUCT_NAME = "$(TARGET_NAME)";
			};
			name = Debug;
		};
		0C196F341F3D4C2A007DD8CA /* Release */ = {
			isa = XCBuildConfiguration;
			baseConfigurationReference = 465E809317C7A2DE55C06A22 /* Pods-ReactiveCocoaMvvmTest.release.xcconfig */;
			buildSettings = {
				ASSETCATALOG_COMPILER_APPICON_NAME = AppIcon;
				DEVELOPMENT_TEAM = 8T4Y6CMJQZ;
				GCC_PRECOMPILE_PREFIX_HEADER = YES;
				GCC_PREFIX_HEADER = ReactiveCocoaMvvmTest/PrefixHeader.pch;
				INFOPLIST_FILE = ReactiveCocoaMvvmTest/Info.plist;
				LD_RUNPATH_SEARCH_PATHS = "$(inherited) @executable_path/Frameworks";
				PRODUCT_BUNDLE_IDENTIFIER = com.dobe.wehomec.ReactiveCocoaMvvmTest;
				PRODUCT_NAME = "$(TARGET_NAME)";
			};
			name = Release;
		};
		5D7215101F44114E002C6412 /* Debug */ = {
			isa = XCBuildConfiguration;
			buildSettings = {
				BUNDLE_LOADER = "$(TEST_HOST)";
				FRAMEWORK_SEARCH_PATHS = (
					"$(inherited)",
					"$(PROJECT_DIR)/build/Debug-iphoneos",
					"$(DEVELOPER_FRAMEWORKS_DIR)",
					"$(SDKROOT)/Developer/Library/Frameworks",
					"$(PROJECT_DIR)/build/Debug-iphoneos/WHTEncryption",
				);
				INFOPLIST_FILE = ReactiveCocoaMvvmTestTests/Info.plist;
				LD_RUNPATH_SEARCH_PATHS = "$(inherited) @executable_path/Frameworks @loader_path/Frameworks";
				PRODUCT_BUNDLE_IDENTIFIER = com.dobe.wehomec.ReactiveCocoaMvvmTestTests;
				PRODUCT_NAME = "$(TARGET_NAME)";
				TEST_HOST = "$(BUILT_PRODUCTS_DIR)/ReactiveCocoaMvvmTest.app/ReactiveCocoaMvvmTest";
			};
			name = Debug;
		};
		5D7215111F44114E002C6412 /* Release */ = {
			isa = XCBuildConfiguration;
			buildSettings = {
				BUNDLE_LOADER = "$(TEST_HOST)";
				FRAMEWORK_SEARCH_PATHS = (
					"$(inherited)",
					"$(PROJECT_DIR)/build/Debug-iphoneos",
					"$(DEVELOPER_FRAMEWORKS_DIR)",
					"$(SDKROOT)/Developer/Library/Frameworks",
					"$(PROJECT_DIR)/build/Debug-iphoneos/WHTEncryption",
				);
				INFOPLIST_FILE = ReactiveCocoaMvvmTestTests/Info.plist;
				LD_RUNPATH_SEARCH_PATHS = "$(inherited) @executable_path/Frameworks @loader_path/Frameworks";
				PRODUCT_BUNDLE_IDENTIFIER = com.dobe.wehomec.ReactiveCocoaMvvmTestTests;
				PRODUCT_NAME = "$(TARGET_NAME)";
				TEST_HOST = "$(BUILT_PRODUCTS_DIR)/ReactiveCocoaMvvmTest.app/ReactiveCocoaMvvmTest";
			};
			name = Release;
		};
		5D7215211F456770002C6412 /* Beta */ = {
			isa = XCBuildConfiguration;
			buildSettings = {
				ALWAYS_SEARCH_USER_PATHS = NO;
				CLANG_ANALYZER_NONNULL = YES;
				CLANG_ANALYZER_NUMBER_OBJECT_CONVERSION = YES_AGGRESSIVE;
				CLANG_CXX_LANGUAGE_STANDARD = "gnu++0x";
				CLANG_CXX_LIBRARY = "libc++";
				CLANG_ENABLE_MODULES = YES;
				CLANG_ENABLE_OBJC_ARC = YES;
				CLANG_WARN_BOOL_CONVERSION = YES;
				CLANG_WARN_CONSTANT_CONVERSION = YES;
				CLANG_WARN_DIRECT_OBJC_ISA_USAGE = YES_ERROR;
				CLANG_WARN_DOCUMENTATION_COMMENTS = YES;
				CLANG_WARN_EMPTY_BODY = YES;
				CLANG_WARN_ENUM_CONVERSION = YES;
				CLANG_WARN_INFINITE_RECURSION = YES;
				CLANG_WARN_INT_CONVERSION = YES;
				CLANG_WARN_OBJC_ROOT_CLASS = YES_ERROR;
				CLANG_WARN_SUSPICIOUS_MOVE = YES;
				CLANG_WARN_UNREACHABLE_CODE = YES;
				CLANG_WARN__DUPLICATE_METHOD_MATCH = YES;
				"CODE_SIGN_IDENTITY[sdk=iphoneos*]" = "iPhone Developer";
				COPY_PHASE_STRIP = NO;
				DEBUG_INFORMATION_FORMAT = dwarf;
				ENABLE_STRICT_OBJC_MSGSEND = YES;
				ENABLE_TESTABILITY = YES;
				GCC_C_LANGUAGE_STANDARD = gnu99;
				GCC_DYNAMIC_NO_PIC = NO;
				GCC_NO_COMMON_BLOCKS = YES;
				GCC_OPTIMIZATION_LEVEL = 0;
				GCC_PREPROCESSOR_DEFINITIONS = (
					"DEBUG=1",
					"$(inherited)",
				);
				GCC_WARN_64_TO_32_BIT_CONVERSION = YES;
				GCC_WARN_ABOUT_RETURN_TYPE = YES_ERROR;
				GCC_WARN_UNDECLARED_SELECTOR = YES;
				GCC_WARN_UNINITIALIZED_AUTOS = YES_AGGRESSIVE;
				GCC_WARN_UNUSED_FUNCTION = YES;
				GCC_WARN_UNUSED_VARIABLE = YES;
				IPHONEOS_DEPLOYMENT_TARGET = 10.3;
				MTL_ENABLE_DEBUG_INFO = YES;
				ONLY_ACTIVE_ARCH = YES;
				SDKROOT = iphoneos;
			};
			name = Beta;
		};
		5D7215221F456770002C6412 /* Beta */ = {
			isa = XCBuildConfiguration;
			baseConfigurationReference = 372377F1F779262C53F2103B /* Pods-ReactiveCocoaMvvmTest.beta.xcconfig */;
			buildSettings = {
				ASSETCATALOG_COMPILER_APPICON_NAME = AppIcon;
				DEVELOPMENT_TEAM = 8T4Y6CMJQZ;
				GCC_PRECOMPILE_PREFIX_HEADER = YES;
				GCC_PREFIX_HEADER = ReactiveCocoaMvvmTest/PrefixHeader.pch;
				GCC_PREPROCESSOR_DEFINITIONS = (
					"COCOAPODS=1",
					"BETA=1",
				);
				INFOPLIST_FILE = ReactiveCocoaMvvmTest/Info.plist;
				LD_RUNPATH_SEARCH_PATHS = "$(inherited) @executable_path/Frameworks";
				PRODUCT_BUNDLE_IDENTIFIER = com.dobe.wehomec.ReactiveCocoaMvvmTest;
				PRODUCT_NAME = "$(TARGET_NAME)";
			};
			name = Beta;
		};
		5D7215231F456770002C6412 /* Beta */ = {
			isa = XCBuildConfiguration;
			buildSettings = {
				BUNDLE_LOADER = "$(TEST_HOST)";
				FRAMEWORK_SEARCH_PATHS = (
					"$(inherited)",
					"$(PROJECT_DIR)/build/Debug-iphoneos",
					"$(DEVELOPER_FRAMEWORKS_DIR)",
					"$(SDKROOT)/Developer/Library/Frameworks",
					"$(PROJECT_DIR)/build/Debug-iphoneos/WHTEncryption",
				);
				INFOPLIST_FILE = ReactiveCocoaMvvmTestTests/Info.plist;
				LD_RUNPATH_SEARCH_PATHS = "$(inherited) @executable_path/Frameworks @loader_path/Frameworks";
				PRODUCT_BUNDLE_IDENTIFIER = com.dobe.wehomec.ReactiveCocoaMvvmTestTests;
				PRODUCT_NAME = "$(TARGET_NAME)";
				TEST_HOST = "$(BUILT_PRODUCTS_DIR)/ReactiveCocoaMvvmTest.app/ReactiveCocoaMvvmTest";
			};
			name = Beta;
		};
		5D72152A1F456E71002C6412 /* TestDev */ = {
			isa = XCBuildConfiguration;
			buildSettings = {
				ALWAYS_SEARCH_USER_PATHS = NO;
				CLANG_ANALYZER_NONNULL = YES;
				CLANG_ANALYZER_NUMBER_OBJECT_CONVERSION = YES_AGGRESSIVE;
				CLANG_CXX_LANGUAGE_STANDARD = "gnu++0x";
				CLANG_CXX_LIBRARY = "libc++";
				CLANG_ENABLE_MODULES = YES;
				CLANG_ENABLE_OBJC_ARC = YES;
				CLANG_WARN_BOOL_CONVERSION = YES;
				CLANG_WARN_CONSTANT_CONVERSION = YES;
				CLANG_WARN_DIRECT_OBJC_ISA_USAGE = YES_ERROR;
				CLANG_WARN_DOCUMENTATION_COMMENTS = YES;
				CLANG_WARN_EMPTY_BODY = YES;
				CLANG_WARN_ENUM_CONVERSION = YES;
				CLANG_WARN_INFINITE_RECURSION = YES;
				CLANG_WARN_INT_CONVERSION = YES;
				CLANG_WARN_OBJC_ROOT_CLASS = YES_ERROR;
				CLANG_WARN_SUSPICIOUS_MOVE = YES;
				CLANG_WARN_UNREACHABLE_CODE = YES;
				CLANG_WARN__DUPLICATE_METHOD_MATCH = YES;
				"CODE_SIGN_IDENTITY[sdk=iphoneos*]" = "iPhone Developer";
				COPY_PHASE_STRIP = NO;
				DEBUG_INFORMATION_FORMAT = dwarf;
				ENABLE_STRICT_OBJC_MSGSEND = YES;
				ENABLE_TESTABILITY = YES;
				GCC_C_LANGUAGE_STANDARD = gnu99;
				GCC_DYNAMIC_NO_PIC = NO;
				GCC_NO_COMMON_BLOCKS = YES;
				GCC_OPTIMIZATION_LEVEL = 0;
				GCC_PREPROCESSOR_DEFINITIONS = (
					"DEBUG=1",
					"$(inherited)",
				);
				GCC_WARN_64_TO_32_BIT_CONVERSION = YES;
				GCC_WARN_ABOUT_RETURN_TYPE = YES_ERROR;
				GCC_WARN_UNDECLARED_SELECTOR = YES;
				GCC_WARN_UNINITIALIZED_AUTOS = YES_AGGRESSIVE;
				GCC_WARN_UNUSED_FUNCTION = YES;
				GCC_WARN_UNUSED_VARIABLE = YES;
				IPHONEOS_DEPLOYMENT_TARGET = 10.3;
				MTL_ENABLE_DEBUG_INFO = YES;
				ONLY_ACTIVE_ARCH = YES;
				SDKROOT = iphoneos;
			};
			name = TestDev;
		};
		5D72152B1F456E71002C6412 /* TestDev */ = {
			isa = XCBuildConfiguration;
			baseConfigurationReference = CBC17B0B39B312D2CE8E8220 /* Pods-ReactiveCocoaMvvmTest.testdev.xcconfig */;
			buildSettings = {
				ASSETCATALOG_COMPILER_APPICON_NAME = AppIcon;
				DEVELOPMENT_TEAM = 8T4Y6CMJQZ;
				GCC_PRECOMPILE_PREFIX_HEADER = YES;
				GCC_PREFIX_HEADER = ReactiveCocoaMvvmTest/PrefixHeader.pch;
				GCC_PREPROCESSOR_DEFINITIONS = (
					"TESTDEV=1",
					"COCOAPODS=1",
				);
				INFOPLIST_FILE = ReactiveCocoaMvvmTest/Info.plist;
				LD_RUNPATH_SEARCH_PATHS = "$(inherited) @executable_path/Frameworks";
				PRODUCT_BUNDLE_IDENTIFIER = com.dobe.wehomec.ReactiveCocoaMvvmTest;
				PRODUCT_NAME = "$(TARGET_NAME)";
			};
			name = TestDev;
		};
		5D72152C1F456E71002C6412 /* TestDev */ = {
			isa = XCBuildConfiguration;
			buildSettings = {
				BUNDLE_LOADER = "$(TEST_HOST)";
				FRAMEWORK_SEARCH_PATHS = (
					"$(inherited)",
					"$(PROJECT_DIR)/build/Debug-iphoneos",
					"$(DEVELOPER_FRAMEWORKS_DIR)",
					"$(SDKROOT)/Developer/Library/Frameworks",
					"$(PROJECT_DIR)/build/Debug-iphoneos/WHTEncryption",
				);
				INFOPLIST_FILE = ReactiveCocoaMvvmTestTests/Info.plist;
				LD_RUNPATH_SEARCH_PATHS = "$(inherited) @executable_path/Frameworks @loader_path/Frameworks";
				PRODUCT_BUNDLE_IDENTIFIER = com.dobe.wehomec.ReactiveCocoaMvvmTestTests;
				PRODUCT_NAME = "$(TARGET_NAME)";
				TEST_HOST = "$(BUILT_PRODUCTS_DIR)/ReactiveCocoaMvvmTest.app/ReactiveCocoaMvvmTest";
			};
			name = TestDev;
		};
/* End XCBuildConfiguration section */

/* Begin XCConfigurationList section */
		0C196F001F3D4C2A007DD8CA /* Build configuration list for PBXProject "ReactiveCocoaMvvmTest" */ = {
			isa = XCConfigurationList;
			buildConfigurations = (
				0C196F301F3D4C2A007DD8CA /* Debug */,
				5D72152A1F456E71002C6412 /* TestDev */,
				5D7215211F456770002C6412 /* Beta */,
				0C196F311F3D4C2A007DD8CA /* Release */,
			);
			defaultConfigurationIsVisible = 0;
			defaultConfigurationName = Release;
		};
		0C196F321F3D4C2A007DD8CA /* Build configuration list for PBXNativeTarget "ReactiveCocoaMvvmTest" */ = {
			isa = XCConfigurationList;
			buildConfigurations = (
				0C196F331F3D4C2A007DD8CA /* Debug */,
				5D72152B1F456E71002C6412 /* TestDev */,
				5D7215221F456770002C6412 /* Beta */,
				0C196F341F3D4C2A007DD8CA /* Release */,
			);
			defaultConfigurationIsVisible = 0;
			defaultConfigurationName = Release;
		};
		5D72150F1F44114E002C6412 /* Build configuration list for PBXNativeTarget "ReactiveCocoaMvvmTestTests" */ = {
			isa = XCConfigurationList;
			buildConfigurations = (
				5D7215101F44114E002C6412 /* Debug */,
				5D72152C1F456E71002C6412 /* TestDev */,
				5D7215231F456770002C6412 /* Beta */,
				5D7215111F44114E002C6412 /* Release */,
			);
			defaultConfigurationIsVisible = 0;
			defaultConfigurationName = Release;
		};
/* End XCConfigurationList section */
	};
	rootObject = 0C196EFD1F3D4C2A007DD8CA /* Project object */;
}
